// !$*UTF8*$!
{
	archiveVersion = 1;
	classes = {
	};
	objectVersion = 48;
	objects = {

/* Begin PBXBuildFile section */
		5451F0BA200FDAFB007FEAAE /* AppDelegate.swift in Sources */ = {isa = PBXBuildFile; fileRef = 5451F0B9200FDAFB007FEAAE /* AppDelegate.swift */; };
		5451F0BC200FDAFB007FEAAE /* ViewController.swift in Sources */ = {isa = PBXBuildFile; fileRef = 5451F0BB200FDAFB007FEAAE /* ViewController.swift */; };
		5451F0BF200FDAFB007FEAAE /* Main.storyboard in Resources */ = {isa = PBXBuildFile; fileRef = 5451F0BD200FDAFB007FEAAE /* Main.storyboard */; };
		5451F0C1200FDAFB007FEAAE /* Assets.xcassets in Resources */ = {isa = PBXBuildFile; fileRef = 5451F0C0200FDAFB007FEAAE /* Assets.xcassets */; };
		5451F0C4200FDAFB007FEAAE /* LaunchScreen.storyboard in Resources */ = {isa = PBXBuildFile; fileRef = 5451F0C2200FDAFB007FEAAE /* LaunchScreen.storyboard */; };
/* End PBXBuildFile section */

/* Begin PBXFileReference section */
		5451F0B6200FDAFB007FEAAE /* PodPracticeApp.app */ = {isa = PBXFileReference; explicitFileType = wrapper.application; includeInIndex = 0; path = PodPracticeApp.app; sourceTree = BUILT_PRODUCTS_DIR; };
		5451F0B9200FDAFB007FEAAE /* AppDelegate.swift */ = {isa = PBXFileReference; lastKnownFileType = sourcecode.swift; path = AppDelegate.swift; sourceTree = "<group>"; };
		5451F0BB200FDAFB007FEAAE /* ViewController.swift */ = {isa = PBXFileReference; lastKnownFileType = sourcecode.swift; path = ViewController.swift; sourceTree = "<group>"; };
		5451F0BE200FDAFB007FEAAE /* Base */ = {isa = PBXFileReference; lastKnownFileType = file.storyboard; name = Base; path = Base.lproj/Main.storyboard; sourceTree = "<group>"; };
		5451F0C0200FDAFB007FEAAE /* Assets.xcassets */ = {isa = PBXFileReference; lastKnownFileType = folder.assetcatalog; path = Assets.xcassets; sourceTree = "<group>"; };
		5451F0C3200FDAFB007FEAAE /* Base */ = {isa = PBXFileReference; lastKnownFileType = file.storyboard; name = Base; path = Base.lproj/LaunchScreen.storyboard; sourceTree = "<group>"; };
		5451F0C5200FDAFB007FEAAE /* Info.plist */ = {isa = PBXFileReference; lastKnownFileType = text.plist.xml; path = Info.plist; sourceTree = "<group>"; };
/* End PBXFileReference section */

/* Begin PBXFrameworksBuildPhase section */
		5451F0B3200FDAFB007FEAAE /* Frameworks */ = {
			isa = PBXFrameworksBuildPhase;
			buildActionMask = 2147483647;
			files = (
			);
			runOnlyForDeploymentPostprocessing = 0;
		};
/* End PBXFrameworksBuildPhase section */

/* Begin PBXGroup section */
		5451F0AD200FDAFB007FEAAE = {
			isa = PBXGroup;
			children = (
				5451F0B8200FDAFB007FEAAE /* PodPracticeApp */,
				5451F0B7200FDAFB007FEAAE /* Products */,
			);
			sourceTree = "<group>";
		};
		5451F0B7200FDAFB007FEAAE /* Products */ = {
			isa = PBXGroup;
			children = (
				5451F0B6200FDAFB007FEAAE /* PodPracticeApp.app */,
			);
			name = Products;
			sourceTree = "<group>";
		};
		5451F0B8200FDAFB007FEAAE /* PodPracticeApp */ = {
			isa = PBXGroup;
			children = (
				5451F0B9200FDAFB007FEAAE /* AppDelegate.swift */,
				5451F0BB200FDAFB007FEAAE /* ViewController.swift */,
				5451F0BD200FDAFB007FEAAE /* Main.storyboard */,
				5451F0C0200FDAFB007FEAAE /* Assets.xcassets */,
				5451F0C2200FDAFB007FEAAE /* LaunchScreen.storyboard */,
				5451F0C5200FDAFB007FEAAE /* Info.plist */,
			);
			path = PodPracticeApp;
			sourceTree = "<group>";
		};
/* End PBXGroup section */

/* Begin PBXNativeTarget section */
		5451F0B5200FDAFB007FEAAE /* PodPracticeApp */ = {
			isa = PBXNativeTarget;
			buildConfigurationList = 5451F0C8200FDAFB007FEAAE /* Build configuration list for PBXNativeTarget "PodPracticeApp" */;
			buildPhases = (
				5451F0B2200FDAFB007FEAAE /* Sources */,
				5451F0B3200FDAFB007FEAAE /* Frameworks */,
				5451F0B4200FDAFB007FEAAE /* Resources */,
			);
			buildRules = (
			);
			dependencies = (
			);
			name = PodPracticeApp;
			productName = PodPracticeApp;
			productReference = 5451F0B6200FDAFB007FEAAE /* PodPracticeApp.app */;
			productType = "com.apple.product-type.application";
		};
/* End PBXNativeTarget section */

/* Begin PBXProject section */
		5451F0AE200FDAFB007FEAAE /* Project object */ = {
			isa = PBXProject;
			attributes = {
				LastSwiftUpdateCheck = 0920;
				LastUpgradeCheck = 0920;
				ORGANIZATIONNAME = "C4Q ";
				TargetAttributes = {
					5451F0B5200FDAFB007FEAAE = {
						CreatedOnToolsVersion = 9.2;
						ProvisioningStyle = Automatic;
					};
				};
			};
			buildConfigurationList = 5451F0B1200FDAFB007FEAAE /* Build configuration list for PBXProject "PodPracticeApp" */;
			compatibilityVersion = "Xcode 8.0";
			developmentRegion = en;
			hasScannedForEncodings = 0;
			knownRegions = (
				en,
				Base,
			);
			mainGroup = 5451F0AD200FDAFB007FEAAE;
			productRefGroup = 5451F0B7200FDAFB007FEAAE /* Products */;
			projectDirPath = "";
			projectRoot = "";
			targets = (
				5451F0B5200FDAFB007FEAAE /* PodPracticeApp */,
			);
		};
/* End PBXProject section */

/* Begin PBXResourcesBuildPhase section */
		5451F0B4200FDAFB007FEAAE /* Resources */ = {
			isa = PBXResourcesBuildPhase;
			buildActionMask = 2147483647;
			files = (
				5451F0C4200FDAFB007FEAAE /* LaunchScreen.storyboard in Resources */,
				5451F0C1200FDAFB007FEAAE /* Assets.xcassets in Resources */,
				5451F0BF200FDAFB007FEAAE /* Main.storyboard in Resources */,
			);
			runOnlyForDeploymentPostprocessing = 0;
		};
/* End PBXResourcesBuildPhase section */

/* Begin PBXSourcesBuildPhase section */
		5451F0B2200FDAFB007FEAAE /* Sources */ = {
			isa = PBXSourcesBuildPhase;
			buildActionMask = 2147483647;
			files = (
				5451F0BC200FDAFB007FEAAE /* ViewController.swift in Sources */,
				5451F0BA200FDAFB007FEAAE /* AppDelegate.swift in Sources */,
			);
			runOnlyForDeploymentPostprocessing = 0;
		};
/* End PBXSourcesBuildPhase section */

/* Begin PBXVariantGroup section */
		5451F0BD200FDAFB007FEAAE /* Main.storyboard */ = {
			isa = PBXVariantGroup;
			children = (
				5451F0BE200FDAFB007FEAAE /* Base */,
			);
			name = Main.storyboard;
			sourceTree = "<group>";
		};
		5451F0C2200FDAFB007FEAAE /* LaunchScreen.storyboard */ = {
			isa = PBXVariantGroup;
			children = (
				5451F0C3200FDAFB007FEAAE /* Base */,
			);
			name = LaunchScreen.storyboard;
			sourceTree = "<group>";
		};
/* End PBXVariantGroup section */

/* Begin XCBuildConfiguration section */
		5451F0C6200FDAFB007FEAAE /* Debug */ = {
			isa = XCBuildConfiguration;
			buildSettings = {
				ALWAYS_SEARCH_USER_PATHS = NO;
				CLANG_ANALYZER_NONNULL = YES;
				CLANG_ANALYZER_NUMBER_OBJECT_CONVERSION = YES_AGGRESSIVE;
				CLANG_CXX_LANGUAGE_STANDARD = "gnu++14";
				CLANG_CXX_LIBRARY = "libc++";
				CLANG_ENABLE_MODULES = YES;
				CLANG_ENABLE_OBJC_ARC = YES;
				CLANG_WARN_BLOCK_CAPTURE_AUTORELEASING = YES;
				CLANG_WARN_BOOL_CONVERSION = YES;
				CLANG_WARN_COMMA = YES;
				CLANG_WARN_CONSTANT_CONVERSION = YES;
				CLANG_WARN_DIRECT_OBJC_ISA_USAGE = YES_ERROR;
				CLANG_WARN_DOCUMENTATION_COMMENTS = YES;
				CLANG_WARN_EMPTY_BODY = YES;
				CLANG_WARN_ENUM_CONVERSION = YES;
				CLANG_WARN_INFINITE_RECURSION = YES;
				CLANG_WARN_INT_CONVERSION = YES;
				CLANG_WARN_NON_LITERAL_NULL_CONVERSION = YES;
				CLANG_WARN_OBJC_LITERAL_CONVERSION = YES;
				CLANG_WARN_OBJC_ROOT_CLASS = YES_ERROR;
				CLANG_WARN_RANGE_LOOP_ANALYSIS = YES;
				CLANG_WARN_STRICT_PROTOTYPES = YES;
				CLANG_WARN_SUSPICIOUS_MOVE = YES;
				CLANG_WARN_UNGUARDED_AVAILABILITY = YES_AGGRESSIVE;
				CLANG_WARN_UNREACHABLE_CODE = YES;
				CLANG_WARN__DUPLICATE_METHOD_MATCH = YES;
				CODE_SIGN_IDENTITY = "iPhone Developer";
				COPY_PHASE_STRIP = NO;
				DEBUG_INFORMATION_FORMAT = dwarf;
				ENABLE_STRICT_OBJC_MSGSEND = YES;
				ENABLE_TESTABILITY = YES;
				GCC_C_LANGUAGE_STANDARD = gnu11;
				GCC_DYNAMIC_NO_PIC = NO;
				GCC_NO_COMMON_BLOCKS = YES;
				GCC_OPTIMIZATION_LEVEL = 0;
				GCC_PREPROCESSOR_DEFINITIONS = (
					"DEBUG=1",
					"$(inherited)",
				);
				GCC_WARN_64_TO_32_BIT_CONVERSION = YES;
				GCC_WARN_ABOUT_RETURN_TYPE = YES_ERROR;
				GCC_WARN_UNDECLARED_SELECTOR = YES;
				GCC_WARN_UNINITIALIZED_AUTOS = YES_AGGRESSIVE;
				GCC_WARN_UNUSED_FUNCTION = YES;
				GCC_WARN_UNUSED_VARIABLE = YES;
				IPHONEOS_DEPLOYMENT_TARGET = 11.2;
				MTL_ENABLE_DEBUG_INFO = YES;
				ONLY_ACTIVE_ARCH = YES;
				SDKROOT = iphoneos;
				SWIFT_ACTIVE_COMPILATION_CONDITIONS = DEBUG;
				SWIFT_OPTIMIZATION_LEVEL = "-Onone";
			};
			name = Debug;
		};
		5451F0C7200FDAFB007FEAAE /* Release */ = {
			isa = XCBuildConfiguration;
			buildSettings = {
				ALWAYS_SEARCH_USER_PATHS = NO;
				CLANG_ANALYZER_NONNULL = YES;
				CLANG_ANALYZER_NUMBER_OBJECT_CONVERSION = YES_AGGRESSIVE;
				CLANG_CXX_LANGUAGE_STANDARD = "gnu++14";
				CLANG_CXX_LIBRARY = "libc++";
				CLANG_ENABLE_MODULES = YES;
				CLANG_ENABLE_OBJC_ARC = YES;
				CLANG_WARN_BLOCK_CAPTURE_AUTORELEASING = YES;
				CLANG_WARN_BOOL_CONVERSION = YES;
				CLANG_WARN_COMMA = YES;
				CLANG_WARN_CONSTANT_CONVERSION = YES;
				CLANG_WARN_DIRECT_OBJC_ISA_USAGE = YES_ERROR;
				CLANG_WARN_DOCUMENTATION_COMMENTS = YES;
				CLANG_WARN_EMPTY_BODY = YES;
				CLANG_WARN_ENUM_CONVERSION = YES;
				CLANG_WARN_INFINITE_RECURSION = YES;
				CLANG_WARN_INT_CONVERSION = YES;
				CLANG_WARN_NON_LITERAL_NULL_CONVERSION = YES;
				CLANG_WARN_OBJC_LITERAL_CONVERSION = YES;
				CLANG_WARN_OBJC_ROOT_CLASS = YES_ERROR;
				CLANG_WARN_RANGE_LOOP_ANALYSIS = YES;
				CLANG_WARN_STRICT_PROTOTYPES = YES;
				CLANG_WARN_SUSPICIOUS_MOVE = YES;
				CLANG_WARN_UNGUARDED_AVAILABILITY = YES_AGGRESSIVE;
				CLANG_WARN_UNREACHABLE_CODE = YES;
				CLANG_WARN__DUPLICATE_METHOD_MATCH = YES;
				CODE_SIGN_IDENTITY = "iPhone Developer";
				COPY_PHASE_STRIP = NO;
				DEBUG_INFORMATION_FORMAT = "dwarf-with-dsym";
				ENABLE_NS_ASSERTIONS = NO;
				ENABLE_STRICT_OBJC_MSGSEND = YES;
				GCC_C_LANGUAGE_STANDARD = gnu11;
				GCC_NO_COMMON_BLOCKS = YES;
				GCC_WARN_64_TO_32_BIT_CONVERSION = YES;
				GCC_WARN_ABOUT_RETURN_TYPE = YES_ERROR;
				GCC_WARN_UNDECLARED_SELECTOR = YES;
				GCC_WARN_UNINITIALIZED_AUTOS = YES_AGGRESSIVE;
				GCC_WARN_UNUSED_FUNCTION = YES;
				GCC_WARN_UNUSED_VARIABLE = YES;
				IPHONEOS_DEPLOYMENT_TARGET = 11.2;
				MTL_ENABLE_DEBUG_INFO = NO;
				SDKROOT = iphoneos;
				SWIFT_OPTIMIZATION_LEVEL = "-Owholemodule";
				VALIDATE_PRODUCT = YES;
			};
			name = Release;
		};
		5451F0C9200FDAFB007FEAAE /* Debug */ = {
			isa = XCBuildConfiguration;
			buildSettings = {
				ASSETCATALOG_COMPILER_APPICON_NAME = AppIcon;
				CODE_SIGN_STYLE = Automatic;
				INFOPLIST_FILE = PodPracticeApp/Info.plist;
				LD_RUNPATH_SEARCH_PATHS = "$(inherited) @executable_path/Frameworks";
				PRODUCT_BUNDLE_IDENTIFIER = c4q.PodPracticeApp;
				PRODUCT_NAME = "$(TARGET_NAME)";
				SWIFT_VERSION = 4.0;
				TARGETED_DEVICE_FAMILY = "1,2";
			};
			name = Debug;
		};
		5451F0CA200FDAFB007FEAAE /* Release */ = {
			isa = XCBuildConfiguration;
			buildSettings = {
				ASSETCATALOG_COMPILER_APPICON_NAME = AppIcon;
				CODE_SIGN_STYLE = Automatic;
				INFOPLIST_FILE = PodPracticeApp/Info.plist;
				LD_RUNPATH_SEARCH_PATHS = "$(inherited) @executable_path/Frameworks";
				PRODUCT_BUNDLE_IDENTIFIER = c4q.PodPracticeApp;
				PRODUCT_NAME = "$(TARGET_NAME)";
				SWIFT_VERSION = 4.0;
				TARGETED_DEVICE_FAMILY = "1,2";
			};
			name = Release;
		};
/* End XCBuildConfiguration section */

/* Begin XCConfigurationList section */
		5451F0B1200FDAFB007FEAAE /* Build configuration list for PBXProject "PodPracticeApp" */ = {
			isa = XCConfigurationList;
			buildConfigurations = (
				5451F0C6200FDAFB007FEAAE /* Debug */,
				5451F0C7200FDAFB007FEAAE /* Release */,
			);
			defaultConfigurationIsVisible = 0;
			defaultConfigurationName = Release;
		};
		5451F0C8200FDAFB007FEAAE /* Build configuration list for PBXNativeTarget "PodPracticeApp" */ = {
			isa = XCConfigurationList;
			buildConfigurations = (
				5451F0C9200FDAFB007FEAAE /* Debug */,
				5451F0CA200FDAFB007FEAAE /* Release */,
			);
			defaultConfigurationIsVisible = 0;
			defaultConfigurationName = Release;
		};
/* End XCConfigurationList section */
	};
	rootObject = 5451F0AE200FDAFB007FEAAE /* Project object */;
}
